<?xml version="1.0" encoding="UTF-8"?>
<CodeBlocks_project_file>
	<FileVersion major="1" minor="6"/>
	<Project>
		<Option title="3DPlatformer"/>
		<Option makefile_is_custom="1"/>
		<Option compiler="gcc"/>
		<Option virtualFolders="CMake Files\;CMake Files\cmake\;CMake Files\cmake\modules\;"/>
		<Build>
			<Target title="all">
				<Option working_dir="/home/finian/Documents/git/3DPlatformer"/>
				<Option type="4"/>
				<MakeCommands>
					<Build command="/usr/bin/make -f &quot;/home/finian/Documents/git/3DPlatformer/Makefile&quot;  VERBOSE=1 all"/>
					<CompileFile command="/usr/bin/make -f &quot;/home/finian/Documents/git/3DPlatformer/Makefile&quot;  VERBOSE=1 &quot;$file&quot;"/>
					<Clean command="/usr/bin/make -f &quot;/home/finian/Documents/git/3DPlatformer/Makefile&quot;  VERBOSE=1 clean"/>
					<DistClean command="/usr/bin/make -f &quot;/home/finian/Documents/git/3DPlatformer/Makefile&quot;  VERBOSE=1 clean"/>
				</MakeCommands>
			</Target>
			<Target title="rebuild_cache">
				<Option working_dir="/home/finian/Documents/git/3DPlatformer"/>
				<Option type="4"/>
				<MakeCommands>
					<Build command="/usr/bin/make -f &quot;/home/finian/Documents/git/3DPlatformer/Makefile&quot;  VERBOSE=1 rebuild_cache"/>
					<CompileFile command="/usr/bin/make -f &quot;/home/finian/Documents/git/3DPlatformer/Makefile&quot;  VERBOSE=1 &quot;$file&quot;"/>
					<Clean command="/usr/bin/make -f &quot;/home/finian/Documents/git/3DPlatformer/Makefile&quot;  VERBOSE=1 clean"/>
					<DistClean command="/usr/bin/make -f &quot;/home/finian/Documents/git/3DPlatformer/Makefile&quot;  VERBOSE=1 clean"/>
				</MakeCommands>
			</Target>
			<Target title="3DPlatformer">
				<Option output="/home/finian/Documents/git/3DPlatformer/3DPlatformer" prefix_auto="0" extension_auto="0"/>
				<Option working_dir="/home/finian/Documents/git/3DPlatformer"/>
				<Option object_output="./"/>
				<Option type="1"/>
				<Option compiler="gcc"/>
				<Compiler>
					<Add directory="/usr/include/irrlicht"/>
				</Compiler>
				<MakeCommands>
					<Build command="/usr/bin/make -f &quot;/home/finian/Documents/git/3DPlatformer/Makefile&quot;  VERBOSE=1 3DPlatformer"/>
					<CompileFile command="/usr/bin/make -f &quot;/home/finian/Documents/git/3DPlatformer/Makefile&quot;  VERBOSE=1 &quot;$file&quot;"/>
					<Clean command="/usr/bin/make -f &quot;/home/finian/Documents/git/3DPlatformer/Makefile&quot;  VERBOSE=1 clean"/>
					<DistClean command="/usr/bin/make -f &quot;/home/finian/Documents/git/3DPlatformer/Makefile&quot;  VERBOSE=1 clean"/>
				</MakeCommands>
			</Target>
			<Target title="3DPlatformer/fast">
				<Option output="/home/finian/Documents/git/3DPlatformer/3DPlatformer" prefix_auto="0" extension_auto="0"/>
				<Option working_dir="/home/finian/Documents/git/3DPlatformer"/>
				<Option object_output="./"/>
				<Option type="1"/>
				<Option compiler="gcc"/>
				<Compiler>
					<Add directory="/usr/include/irrlicht"/>
				</Compiler>
				<MakeCommands>
					<Build command="/usr/bin/make -f &quot;/home/finian/Documents/git/3DPlatformer/Makefile&quot;  VERBOSE=1 3DPlatformer/fast"/>
					<CompileFile command="/usr/bin/make -f &quot;/home/finian/Documents/git/3DPlatformer/Makefile&quot;  VERBOSE=1 &quot;$file&quot;"/>
					<Clean command="/usr/bin/make -f &quot;/home/finian/Documents/git/3DPlatformer/Makefile&quot;  VERBOSE=1 clean"/>
					<DistClean command="/usr/bin/make -f &quot;/home/finian/Documents/git/3DPlatformer/Makefile&quot;  VERBOSE=1 clean"/>
				</MakeCommands>
			</Target>
			<Target title="edit_cache">
				<Option working_dir="/home/finian/Documents/git/3DPlatformer"/>
				<Option type="4"/>
				<MakeCommands>
					<Build command="/usr/bin/make -f &quot;/home/finian/Documents/git/3DPlatformer/Makefile&quot;  VERBOSE=1 edit_cache"/>
					<CompileFile command="/usr/bin/make -f &quot;/home/finian/Documents/git/3DPlatformer/Makefile&quot;  VERBOSE=1 &quot;$file&quot;"/>
					<Clean command="/usr/bin/make -f &quot;/home/finian/Documents/git/3DPlatformer/Makefile&quot;  VERBOSE=1 clean"/>
					<DistClean command="/usr/bin/make -f &quot;/home/finian/Documents/git/3DPlatformer/Makefile&quot;  VERBOSE=1 clean"/>
				</MakeCommands>
			</Target>
		</Build>
		<Unit filename="/home/finian/Documents/git/3DPlatformer/src/main.cpp">
			<Option target="3DPlatformer"/>
		</Unit>
		<Unit filename="/home/finian/Documents/git/3DPlatformer/src/main.h">
			<Option target="3DPlatformer"/>
		</Unit>
		<Unit filename="/home/finian/Documents/git/3DPlatformer/CMakeLists.txt">
			<Option virtualFolder="CMake Files\"/>
		</Unit>
		<Unit filename="/home/finian/Documents/git/3DPlatformer/cmake/modules/FindIrrlicht.cmake">
			<Option virtualFolder="CMake Files\cmake\modules\"/>
		</Unit>
	</Project>
</CodeBlocks_project_file>
